
Microsoft Visual Studio Solution File, Format Version 12.00
# Visual Studio Version 17
VisualStudioVersion = 17.8.34309.116
MinimumVisualStudioVersion = 10.0.40219.1
Project("{FAE04EC0-301F-11D3-BF4B-00C04F79EFBC}") = "Day4-Assinment4", "Day4-Assinment4.csproj", "{A7DFCDBA-A2C4-4C7B-BA88-874576921100}"
EndProject
Global
	GlobalSection(SolutionConfigurationPlatforms) = preSolution
		Debug|Any CPU = Debug|Any CPU
		Release|Any CPU = Release|Any CPU
	EndGlobalSection
	GlobalSection(ProjectConfigurationPlatforms) = postSolution
		{A7DFCDBA-A2C4-4C7B-BA88-874576921100}.Debug|Any CPU.ActiveCfg = Debug|Any CPU
		{A7DFCDBA-A2C4-4C7B-BA88-874576921100}.Debug|Any CPU.Build.0 = Debug|Any CPU
		{A7DFCDBA-A2C4-4C7B-BA88-874576921100}.Release|Any CPU.ActiveCfg = Release|Any CPU
		{A7DFCDBA-A2C4-4C7B-BA88-874576921100}.Release|Any CPU.Build.0 = Release|Any CPU
	EndGlobalSection
	GlobalSection(SolutionProperties) = preSolution
		HideSolutionNode = FALSE
	EndGlobalSection
	GlobalSection(ExtensibilityGlobals) = postSolution
		SolutionGuid = {4BB6B604-DE4A-42AA-94F4-FA872797482A}
	EndGlobalSection
EndGlobal
